
Microsoft Visual Studio Solution File, Format Version 12.00
# Visual Studio Version 16
VisualStudioVersion = 16.0.32126.315
MinimumVisualStudioVersion = 10.0.40219.1
Project("{FAE04EC0-301F-11D3-BF4B-00C04F79EFBC}") = "EscrituraByte", "EscrituraByte\EscrituraByte.csproj", "{B83E1516-DE16-4F26-A334-8A4FDC2F7685}"
EndProject
Global
	GlobalSection(SolutionConfigurationPlatforms) = preSolution
		Debug|Any CPU = Debug|Any CPU
		Release|Any CPU = Release|Any CPU
	EndGlobalSection
	GlobalSection(ProjectConfigurationPlatforms) = postSolution
		{B83E1516-DE16-4F26-A334-8A4FDC2F7685}.Debug|Any CPU.ActiveCfg = Debug|Any CPU
		{B83E1516-DE16-4F26-A334-8A4FDC2F7685}.Debug|Any CPU.Build.0 = Debug|Any CPU
		{B83E1516-DE16-4F26-A334-8A4FDC2F7685}.Release|Any CPU.ActiveCfg = Release|Any CPU
		{B83E1516-DE16-4F26-A334-8A4FDC2F7685}.Release|Any CPU.Build.0 = Release|Any CPU
	EndGlobalSection
	GlobalSection(SolutionProperties) = preSolution
		HideSolutionNode = FALSE
	EndGlobalSection
	GlobalSection(ExtensibilityGlobals) = postSolution
		SolutionGuid = {8012D5BB-FC5A-44C7-87D4-33E4CF3A4468}
	EndGlobalSection
EndGlobal
